github.com/google/go-cmp v0.5.8 h1:e6P7q2lk1O+qJJb4BtCQXlK8vWEO8V1ZeuEdJNOqZyg=
github.com/google/go-cmp v0.5.8/go.mod h1:17dUlkBOakJ0+DkrSSNjCkIjxS6bF9zb3elmeNGIjoY=
github.com/mus-format/common-go v0.0.0-20251026152644-9f5ac6728d8a h1:tLF20eBk2jdZHOy3Kyv8Wh3KdhxnIDadmrmXYE7sprc=
github.com/mus-format/common-go v0.0.0-20251026152644-9f5ac6728d8a/go.mod h1:6Dv72knd/gHi0Scn4OEFPQbnl7RrQlQDfUOOkKP/nZc=
github.com/mus-format/mus-go v0.7.2 h1:CPrrcScbpzJsLYaKkz0Y6KXH2cWG53ZpVFX3BoKkNoI=
github.com/mus-format/mus-go v0.7.2/go.mod h1:RM3Lemg6Ui4nl67q2eMFNqsh+Tn2nkjony+4phpuIZk=
github.com/ymz-ncnk/mok v0.2.1 h1:rx/QVO4W2d3s6g1Q2tVeIndD0Yhc66pVJRB2RHpXWSo=
github.com/ymz-ncnk/mok v0.2.1/go.mod h1:BYggihmf3kEBo7HfDVwDEqZ08gO8og8o5fcd8xuPmu0=
golang.org/x/exp v0.0.0-20230425010034-47ecfdc1ba53 h1:5llv2sWeaMSnA3w2kS57ouQQ4pudlXrR0dCgw51QK9o=
golang.org/x/exp v0.0.0-20230425010034-47ecfdc1ba53/go.mod h1:V1LtkGg67GoY2N1AnLN78QLrzxkLyJw7RJb1gzOOz9w=
google.golang.org/protobuf v1.36.6 h1:z1NpPI8ku2WgiWnf+t9wTPsn6eP1L7ksHUlkfLvd9xY=
google.golang.org/protobuf v1.36.6/go.mod h1:jduwjTPXsFjZGTmRluh+L6NjiWu7pchiJ2/5YcXBHnY=
